# @generated - this file is auto-generated by `mise lock` https://mise.en.dev/dev-tools/mise-lock.html

[[tools.1password]]
version = "2.39.0"
backend = "vfox:mise-plugins/vfox-1password"

[tools.1password."platforms.linux-arm64"]
url = "https://cache.agilebits.com/dist/1P/op2/pkg/v2.39.0/op_linux_arm64_v2.39.0.zip"

[tools.1password."platforms.linux-arm64-musl"]
url = "https://cache.agilebits.com/dist/1P/op2/pkg/v2.39.0/op_linux_arm64_v2.39.0.zip"

[tools.1password."platforms.linux-x64"]
url = "https://cache.agilebits.com/dist/1P/op2/pkg/v2.39.0/op_linux_amd64_v2.39.0.zip"

[tools.1password."platforms.linux-x64-musl"]
url = "https://cache.agilebits.com/dist/1P/op2/pkg/v2.39.0/op_linux_amd64_v2.39.0.zip"

[tools.1password."platforms.macos-arm64"]
url = "https://cache.agilebits.com/dist/1P/op2/pkg/v2.39.0/op_darwin_arm64_v2.39.0.zip"

[tools.1password."platforms.macos-x64"]
url = "https://cache.agilebits.com/dist/1P/op2/pkg/v2.39.0/op_darwin_amd64_v2.39.0.zip"

[tools.1password."platforms.windows-x64"]
url = "https://cache.agilebits.com/dist/1P/op2/pkg/v2.39.0/op_windows_amd64_v2.39.0.zip"

[[tools.actionlint]]
version = "1.7.12"
backend = "aqua:rhysd/actionlint"

[tools.actionlint."platforms.linux-arm64"]
checksum = "sha256:325e971b6ba9bfa504672e29be93c24981eeb1c07576d730e9f7c8805afff0c6"
url = "https://github.com/rhysd/actionlint/releases/download/v1.7.12/actionlint_1.7.12_linux_arm64.tar.gz"
url_api = "https://api.github.com/repos/rhysd/actionlint/releases/assets/384924897"
provenance = "github-attestations"

[tools.actionlint."platforms.linux-arm64-musl"]
checksum = "sha256:325e971b6ba9bfa504672e29be93c24981eeb1c07576d730e9f7c8805afff0c6"
url = "https://github.com/rhysd/actionlint/releases/download/v1.7.12/actionlint_1.7.12_linux_arm64.tar.gz"
url_api = "https://api.github.com/repos/rhysd/actionlint/releases/assets/384924897"
provenance = "github-attestations"

[tools.actionlint."platforms.linux-x64"]
checksum = "sha256:8aca8db96f1b94770f1b0d72b6dddcb1ebb8123cb3712530b08cc387b349a3d8"
url = "https://github.com/rhysd/actionlint/releases/download/v1.7.12/actionlint_1.7.12_linux_amd64.tar.gz"
url_api = "https://api.github.com/repos/rhysd/actionlint/releases/assets/384924896"
provenance = "github-attestations"

[tools.actionlint."platforms.linux-x64-musl"]
checksum = "sha256:8aca8db96f1b94770f1b0d72b6dddcb1ebb8123cb3712530b08cc387b349a3d8"
url = "https://github.com/rhysd/actionlint/releases/download/v1.7.12/actionlint_1.7.12_linux_amd64.tar.gz"
url_api = "https://api.github.com/repos/rhysd/actionlint/releases/assets/384924896"
provenance = "github-attestations"

[tools.actionlint."platforms.macos-arm64"]
checksum = "sha256:aba9ced2dee8d27fecca3dc7feb1a7f9a52caefa1eb46f3271ea66b6e0e6953f"
url = "https://github.com/rhysd/actionlint/releases/download/v1.7.12/actionlint_1.7.12_darwin_arm64.tar.gz"
url_api = "https://api.github.com/repos/rhysd/actionlint/releases/assets/384924893"
provenance = "github-attestations"

[tools.actionlint."platforms.macos-x64"]
checksum = "sha256:5b44c3bc2255115c9b69e30efc0fecdf498fdb63c5d58e17084fd5f16324c644"
url = "https://github.com/rhysd/actionlint/releases/download/v1.7.12/actionlint_1.7.12_darwin_amd64.tar.gz"
url_api = "https://api.github.com/repos/rhysd/actionlint/releases/assets/384924880"
provenance = "github-attestations"

[tools.actionlint."platforms.windows-x64"]
checksum = "sha256:6e7241b51e6817ea6a047693d8e6fed13b31819c9a0dd6c5a726e1592d22f6e9"
url = "https://github.com/rhysd/actionlint/releases/download/v1.7.12/actionlint_1.7.12_windows_amd64.zip"
url_api = "https://api.github.com/repos/rhysd/actionlint/releases/assets/384924919"
provenance = "github-attestations"

[[tools.age]]
version = "1.3.1"
backend = "aqua:FiloSottile/age"

[tools.age."platforms.linux-arm64"]
checksum = "sha256:c6878a324421b69e3e20b00ba17c04bc5c6dab0030cfe55bf8f68fa8d9e9093a"
url = "https://github.com/FiloSottile/age/releases/download/v1.3.1/age-v1.3.1-linux-arm64.tar.gz"
url_api = "https://api.github.com/repos/FiloSottile/age/releases/assets/333752668"
provenance = "github-attestations"

[tools.age."platforms.linux-arm64-musl"]
checksum = "sha256:c6878a324421b69e3e20b00ba17c04bc5c6dab0030cfe55bf8f68fa8d9e9093a"
url = "https://github.com/FiloSottile/age/releases/download/v1.3.1/age-v1.3.1-linux-arm64.tar.gz"
url_api = "https://api.github.com/repos/FiloSottile/age/releases/assets/333752668"
provenance = "github-attestations"

[tools.age."platforms.linux-x64"]
checksum = "sha256:bdc69c09cbdd6cf8b1f333d372a1f58247b3a33146406333e30c0f26e8f51377"
url = "https://github.com/FiloSottile/age/releases/download/v1.3.1/age-v1.3.1-linux-amd64.tar.gz"
url_api = "https://api.github.com/repos/FiloSottile/age/releases/assets/333752671"
provenance = "github-attestations"

[tools.age."platforms.linux-x64-musl"]
checksum = "sha256:bdc69c09cbdd6cf8b1f333d372a1f58247b3a33146406333e30c0f26e8f51377"
url = "https://github.com/FiloSottile/age/releases/download/v1.3.1/age-v1.3.1-linux-amd64.tar.gz"
url_api = "https://api.github.com/repos/FiloSottile/age/releases/assets/333752671"
provenance = "github-attestations"

[tools.age."platforms.macos-arm64"]
checksum = "sha256:01120ea2cbf0463d4c6bd767f99f3271bbed1cdc8a9aa718a76ba1fe4f01998b"
url = "https://github.com/FiloSottile/age/releases/download/v1.3.1/age-v1.3.1-darwin-arm64.tar.gz"
url_api = "https://api.github.com/repos/FiloSottile/age/releases/assets/333752669"
provenance = "github-attestations"

[tools.age."platforms.macos-x64"]
checksum = "sha256:2b233301ad21ab7b1eabd9ae1198a164005fa4928fcdd745d47c39f8593209d7"
url = "https://github.com/FiloSottile/age/releases/download/v1.3.1/age-v1.3.1-darwin-amd64.tar.gz"
url_api = "https://api.github.com/repos/FiloSottile/age/releases/assets/343881260"
provenance = "github-attestations"

[tools.age."platforms.windows-x64"]
checksum = "sha256:c56e8ce22f7e80cb85ad946cc82d198767b056366201d3e1a2b93d865be38154"
url = "https://github.com/FiloSottile/age/releases/download/v1.3.1/age-v1.3.1-windows-amd64.zip"
url_api = "https://api.github.com/repos/FiloSottile/age/releases/assets/333752673"
provenance = "github-attestations"

[[tools.aube]]
version = "2.0.1"
backend = "github:endevco/aube"

[tools.aube."platforms.linux-arm64"]
checksum = "sha256:167bf3749f1eac646b0096e6113e29ac154294c8fe5f8ff5ce3a440b3f73dfe2"
url = "https://github.com/aubepkg/aube/releases/download/v2.0.1/aube-v2.0.1-aarch64-unknown-linux-gnu.tar.gz"
url_api = "https://api.github.com/repos/aubepkg/aube/releases/assets/525718579"

[tools.aube."platforms.linux-arm64-musl"]
checksum = "sha256:720514470b025d3aee2eae25a5cbc354c22875e24f546146ad9a73ac95dc5443"
url = "https://github.com/aubepkg/aube/releases/download/v2.0.1/aube-v2.0.1-aarch64-unknown-linux-musl.tar.gz"
url_api = "https://api.github.com/repos/aubepkg/aube/releases/assets/525682625"

[tools.aube."platforms.linux-x64"]
checksum = "sha256:320696667be8d64c04f559d730cea84a953e0d553d7fdb2d1dd6830e5266623d"
url = "https://github.com/aubepkg/aube/releases/download/v2.0.1/aube-v2.0.1-x86_64-unknown-linux-gnu.tar.gz"
url_api = "https://api.github.com/repos/aubepkg/aube/releases/assets/525694267"

[tools.aube."platforms.linux-x64-musl"]
checksum = "sha256:530ecdf99cc52fa6e603f7a69ed82ba82667a51143d9a8294cfe2755295db82e"
url = "https://github.com/aubepkg/aube/releases/download/v2.0.1/aube-v2.0.1-x86_64-unknown-linux-musl.tar.gz"
url_api = "https://api.github.com/repos/aubepkg/aube/releases/assets/525697493"

[tools.aube."platforms.macos-arm64"]
checksum = "sha256:61eb75b7fc5e83c7a09666673c7a6310169cb49e44db3d923a27207e7b461371"
url = "https://github.com/aubepkg/aube/releases/download/v2.0.1/aube-v2.0.1-aarch64-apple-darwin.tar.gz"
url_api = "https://api.github.com/repos/aubepkg/aube/releases/assets/525744752"

[tools.aube."platforms.macos-x64"]
checksum = "sha256:d578debdd912047fae06f71ef1c2faeb7d34d378305a473a5468a79bf0928603"
url = "https://github.com/aubepkg/aube/releases/download/v2.0.1/libaube-x86_64-apple-darwin.dylib"
url_api = "https://api.github.com/repos/aubepkg/aube/releases/assets/525699067"

[tools.aube."platforms.windows-x64"]
checksum = "sha256:5383e428dc7ab02853bb37ceec1a5d72894b6455471c8d02ce9d84ed82430ab6"
url = "https://github.com/aubepkg/aube/releases/download/v2.0.1/aube-v2.0.1-x86_64-pc-windows-msvc.zip"
url_api = "https://api.github.com/repos/aubepkg/aube/releases/assets/525700617"

[[tools.bitwarden]]
version = "2026.8.0"
backend = "aqua:bitwarden/clients"

[tools.bitwarden."platforms.linux-arm64"]
checksum = "sha256:74d822a5dceda5896ed8fc07bc61925b29afd98d96a6a3e9e525ae556c3083a8"
url = "https://github.com/bitwarden/clients/releases/download/cli-v2026.8.0/bw-linux-arm64-2026.8.0.zip"
url_api = "https://api.github.com/repos/bitwarden/clients/releases/assets/522478224"

[tools.bitwarden."platforms.linux-arm64-musl"]
checksum = "sha256:74d822a5dceda5896ed8fc07bc61925b29afd98d96a6a3e9e525ae556c3083a8"
url = "https://github.com/bitwarden/clients/releases/download/cli-v2026.8.0/bw-linux-arm64-2026.8.0.zip"
url_api = "https://api.github.com/repos/bitwarden/clients/releases/assets/522478224"

[tools.bitwarden."platforms.linux-x64"]
checksum = "sha256:367f618e9fcccaac4980ec12c7bafd01df739b5f3cb1af31bc9045cf75eea1d6"
url = "https://github.com/bitwarden/clients/releases/download/cli-v2026.8.0/bw-linux-2026.8.0.zip"
url_api = "https://api.github.com/repos/bitwarden/clients/releases/assets/522478170"

[tools.bitwarden."platforms.linux-x64-musl"]
checksum = "sha256:367f618e9fcccaac4980ec12c7bafd01df739b5f3cb1af31bc9045cf75eea1d6"
url = "https://github.com/bitwarden/clients/releases/download/cli-v2026.8.0/bw-linux-2026.8.0.zip"
url_api = "https://api.github.com/repos/bitwarden/clients/releases/assets/522478170"

[tools.bitwarden."platforms.macos-arm64"]
checksum = "sha256:73414942357644605eefd3f4afaf0b41b71772ad6574e8e3c72e0b6d237104c8"
url = "https://github.com/bitwarden/clients/releases/download/cli-v2026.8.0/bw-macos-arm64-2026.8.0.zip"
url_api = "https://api.github.com/repos/bitwarden/clients/releases/assets/522478010"

[tools.bitwarden."platforms.macos-x64"]
checksum = "sha256:c5d57f70d5394f8c348f6c3bf53683ad6d15e6acfe55e7c1e0a8f376482d8e71"
url = "https://github.com/bitwarden/clients/releases/download/cli-v2026.8.0/bw-macos-2026.8.0.zip"
url_api = "https://api.github.com/repos/bitwarden/clients/releases/assets/522477971"

[tools.bitwarden."platforms.windows-x64"]
checksum = "sha256:26a6bb9a88ca9eeaad9e59db1816dcceb3ce6cc80a30b33e1324b0642f4a0f32"
url = "https://github.com/bitwarden/clients/releases/download/cli-v2026.8.0/bw-windows-2026.8.0.zip"
url_api = "https://api.github.com/repos/bitwarden/clients/releases/assets/522477842"

[[tools.bitwarden-secrets-manager]]
version = "2.1.0"
backend = "aqua:bitwarden/sdk-sm"

[tools.bitwarden-secrets-manager."platforms.linux-arm64"]
checksum = "sha256:18253757286e119d450133a87eb463bf8c1ce418ce24c834f4f250d60cba6f9e"
url = "https://github.com/bitwarden/sdk-sm/releases/download/bws-v2.1.0/bws-aarch64-unknown-linux-gnu-2.1.0.zip"
url_api = "https://api.github.com/repos/bitwarden/sdk-sm/releases/assets/426507287"

[tools.bitwarden-secrets-manager."platforms.linux-arm64-musl"]
checksum = "sha256:eb0f1ae61d1c3b74244d2841233276e05c77e8be4da197ed90fc6248387005e1"
url = "https://github.com/bitwarden/sdk-sm/releases/download/bws-v2.1.0/bws-aarch64-unknown-linux-musl-2.1.0.zip"
url_api = "https://api.github.com/repos/bitwarden/sdk-sm/releases/assets/426507265"

[tools.bitwarden-secrets-manager."platforms.linux-x64"]
checksum = "sha256:ba8233c3a4aee5d43e3c73bbd04d99e9bc5aba13bbbfd06d89b073abe732b860"
url = "https://github.com/bitwarden/sdk-sm/releases/download/bws-v2.1.0/bws-x86_64-unknown-linux-gnu-2.1.0.zip"
url_api = "https://api.github.com/repos/bitwarden/sdk-sm/releases/assets/426507282"

[tools.bitwarden-secrets-manager."platforms.linux-x64-musl"]
checksum = "sha256:f59ee150e42b82128d437087e9bac920053c6bfddcb960d20ce9386e5ac9bba6"
url = "https://github.com/bitwarden/sdk-sm/releases/download/bws-v2.1.0/bws-x86_64-unknown-linux-musl-2.1.0.zip"
url_api = "https://api.github.com/repos/bitwarden/sdk-sm/releases/assets/426507255"

[tools.bitwarden-secrets-manager."platforms.macos-arm64"]
checksum = "sha256:9cb1c1c6e6164d83b2e339883ba02b4cbb37188ce9a484b1ce8249443163e066"
url = "https://github.com/bitwarden/sdk-sm/releases/download/bws-v2.1.0/bws-aarch64-apple-darwin-2.1.0.zip"
url_api = "https://api.github.com/repos/bitwarden/sdk-sm/releases/assets/426507211"

[tools.bitwarden-secrets-manager."platforms.macos-x64"]
checksum = "sha256:6f626b3971368902af1b9847c02791a1b4666969d7561e2047681cded7997537"
url = "https://github.com/bitwarden/sdk-sm/releases/download/bws-v2.1.0/bws-x86_64-apple-darwin-2.1.0.zip"
url_api = "https://api.github.com/repos/bitwarden/sdk-sm/releases/assets/426507196"

[tools.bitwarden-secrets-manager."platforms.windows-x64"]
checksum = "sha256:8d6f2b51beb6f992b5b1de8b85a98bdf18de74096b724d17fa06219fc23f2bd5"
url = "https://github.com/bitwarden/sdk-sm/releases/download/bws-v2.1.0/bws-x86_64-pc-windows-msvc-2.1.0.zip"
url_api = "https://api.github.com/repos/bitwarden/sdk-sm/releases/assets/426507247"

[[tools.cargo-binstall]]
version = "1.22.0"
backend = "aqua:cargo-bins/cargo-binstall"

[tools.cargo-binstall."platforms.linux-arm64"]
checksum = "sha256:49955636054132dd934f5ea1d2b09e41752c29e51de118267d1c08757916d48c"
url = "https://github.com/cargo-bins/cargo-binstall/releases/download/v1.22.0/cargo-binstall-aarch64-unknown-linux-gnu.tgz"
url_api = "https://api.github.com/repos/cargo-bins/cargo-binstall/releases/assets/525164698"
provenance = "github-attestations"

[tools.cargo-binstall."platforms.linux-arm64-musl"]
checksum = "sha256:2fdf0ad20ffc7c7f94f32c19566f417d227484ff0335664d5df429e459d1354b"
url = "https://github.com/cargo-bins/cargo-binstall/releases/download/v1.22.0/cargo-binstall-aarch64-unknown-linux-musl.tgz"
url_api = "https://api.github.com/repos/cargo-bins/cargo-binstall/releases/assets/525164643"
provenance = "github-attestations"

[tools.cargo-binstall."platforms.linux-x64"]
checksum = "sha256:4a2621d4b8cb2a1c2433aab2746597b3a10138c33106a303600ebbe76a0e5930"
url = "https://github.com/cargo-bins/cargo-binstall/releases/download/v1.22.0/cargo-binstall-x86_64-unknown-linux-gnu.tgz"
url_api = "https://api.github.com/repos/cargo-bins/cargo-binstall/releases/assets/525164401"
provenance = "github-attestations"

[tools.cargo-binstall."platforms.linux-x64-musl"]
checksum = "sha256:df2921254924066627685ee09f6c8b9acd7acef68a338668f879d2b033c09458"
url = "https://github.com/cargo-bins/cargo-binstall/releases/download/v1.22.0/cargo-binstall-x86_64-unknown-linux-musl.tgz"
url_api = "https://api.github.com/repos/cargo-bins/cargo-binstall/releases/assets/525164368"
provenance = "github-attestations"

[tools.cargo-binstall."platforms.macos-arm64"]
checksum = "sha256:c364fd10e494b4fc0cc88a89995446364379a914930f0b0182b1151ad27690a1"
url = "https://github.com/cargo-bins/cargo-binstall/releases/download/v1.22.0/cargo-binstall-aarch64-apple-darwin.zip"
url_api = "https://api.github.com/repos/cargo-bins/cargo-binstall/releases/assets/525164803"
provenance = "github-attestations"

[tools.cargo-binstall."platforms.macos-x64"]
checksum = "sha256:88f4459e166c50ece5f240934197ef60b88d12a7b459cb4cea15ab0b7d5dc123"
url = "https://github.com/cargo-bins/cargo-binstall/releases/download/v1.22.0/cargo-binstall-x86_64-apple-darwin.zip"
url_api = "https://api.github.com/repos/cargo-bins/cargo-binstall/releases/assets/525164482"
provenance = "github-attestations"

[tools.cargo-binstall."platforms.windows-x64"]
checksum = "sha256:0950f5a9f3422f74dea181d11f8b4d4447d1e9d1a9fdadcb72ff5b0b63c95207"
url = "https://github.com/cargo-bins/cargo-binstall/releases/download/v1.22.0/cargo-binstall-x86_64-pc-windows-msvc.zip"
url_api = "https://api.github.com/repos/cargo-bins/cargo-binstall/releases/assets/525164447"
provenance = "github-attestations"

[[tools."cargo:cargo-edit"]]
version = "0.13.13"
backend = "cargo:cargo-edit"

[[tools.communique]]
version = "1.3.2"
backend = "github:jdx/communique"

[tools.communique."platforms.linux-arm64"]
checksum = "sha256:02eb34a853e85410cb191534dd9f6324aa91ab1796e7a217c8e052c85373061a"
url = "https://github.com/jdx/communique/releases/download/v1.3.2/communique-aarch64-unknown-linux-gnu.tar.gz"
url_api = "https://api.github.com/repos/jdx/communique/releases/assets/525626337"
provenance = "github-attestations"

[tools.communique."platforms.linux-arm64-musl"]
checksum = "sha256:49ac501d845a6e3e3ba094d436f1417c7245914103c574fd2c6d46e9c39e2238"
url = "https://github.com/jdx/communique/releases/download/v1.3.2/communique-aarch64-unknown-linux-musl.tar.gz"
url_api = "https://api.github.com/repos/jdx/communique/releases/assets/525618951"
provenance = "github-attestations"

[tools.communique."platforms.linux-x64"]
checksum = "sha256:be280e35a22ff787dd6cc596d36f3ecf7a3ff3f16efdfb284154e8977895573b"
url = "https://github.com/jdx/communique/releases/download/v1.3.2/communique-x86_64-unknown-linux-gnu.tar.gz"
url_api = "https://api.github.com/repos/jdx/communique/releases/assets/525619184"
provenance = "github-attestations"
provenance_verified = true

[tools.communique."platforms.linux-x64-musl"]
checksum = "sha256:8eebec71e8a57b04793fa85bbb798f48e1b50bda12813e3c8db857eaa1f4bca9"
url = "https://github.com/jdx/communique/releases/download/v1.3.2/communique-x86_64-unknown-linux-musl.tar.gz"
url_api = "https://api.github.com/repos/jdx/communique/releases/assets/525621690"
provenance = "github-attestations"

[tools.communique."platforms.macos-arm64"]
checksum = "sha256:c5eca847e9d1b4c8c8cb5633ffbbbf8e8659b86cf3e43083c0f6304db5137e86"
url = "https://github.com/jdx/communique/releases/download/v1.3.2/communique-aarch64-apple-darwin.tar.gz"
url_api = "https://api.github.com/repos/jdx/communique/releases/assets/525622989"
provenance = "github-attestations"

[tools.communique."platforms.windows-x64"]
checksum = "sha256:82dad4450baf31869005287fa87c74b3513d2d16aae6996bfb3cd9cd40dcfffc"
url = "https://github.com/jdx/communique/releases/download/v1.3.2/communique-x86_64-pc-windows-msvc.zip"
url_api = "https://api.github.com/repos/jdx/communique/releases/assets/525619633"
provenance = "github-attestations"

[[tools.git-cliff]]
version = "2.13.1"
backend = "aqua:orhun/git-cliff"

[tools.git-cliff."platforms.linux-arm64"]
checksum = "sha256:9619b7f0c584229f8a2331c1905afe88bd938bdc9102926c2073836a42f02455"
url = "https://github.com/orhun/git-cliff/releases/download/v2.13.1/git-cliff-2.13.1-aarch64-unknown-linux-gnu.tar.gz"
url_api = "https://api.github.com/repos/orhun/git-cliff/releases/assets/405850077"

[tools.git-cliff."platforms.linux-arm64-musl"]
checksum = "sha256:4054c124b926c117f3fa048939bc8be0a954f29f3b6f367627e8cb22c1971882"
url = "https://github.com/orhun/git-cliff/releases/download/v2.13.1/git-cliff-2.13.1-aarch64-unknown-linux-musl.tar.gz"
url_api = "https://api.github.com/repos/orhun/git-cliff/releases/assets/405850720"

[tools.git-cliff."platforms.linux-x64"]
checksum = "sha256:9a1263f24e59a2f508c7b3d3283c9dea94a8bf697f96dbc18cc783cac6284546"
url = "https://github.com/orhun/git-cliff/releases/download/v2.13.1/git-cliff-2.13.1-x86_64-unknown-linux-gnu.tar.gz"
url_api = "https://api.github.com/repos/orhun/git-cliff/releases/assets/405850439"

[tools.git-cliff."platforms.linux-x64-musl"]
checksum = "sha256:200d2535da6d9703f3bcc8a4d159c3b55eacdb01cf2148c55b3eee9dd04d5249"
url = "https://github.com/orhun/git-cliff/releases/download/v2.13.1/git-cliff-2.13.1-x86_64-unknown-linux-musl.tar.gz"
url_api = "https://api.github.com/repos/orhun/git-cliff/releases/assets/405850671"

[tools.git-cliff."platforms.macos-arm64"]
checksum = "sha256:21547ae4a0421164070ab75c2522864ea5565858a011fabc5f583061b20f1226"
url = "https://github.com/orhun/git-cliff/releases/download/v2.13.1/git-cliff-2.13.1-aarch64-apple-darwin.tar.gz"
url_api = "https://api.github.com/repos/orhun/git-cliff/releases/assets/405849885"

[tools.git-cliff."platforms.macos-x64"]
checksum = "sha256:6e60ae390d375cecb9d8008c49f0e724a8dfe40390b532ef5501e421d2cc8acb"
url = "https://github.com/orhun/git-cliff/releases/download/v2.13.1/git-cliff-2.13.1-x86_64-apple-darwin.tar.gz"
url_api = "https://api.github.com/repos/orhun/git-cliff/releases/assets/405850193"

[tools.git-cliff."platforms.windows-x64"]
checksum = "sha256:3ae3a5549e85c7ad5b20192ebcfee4371269deca51255f6f2f2e051c6541f5ca"
url = "https://github.com/orhun/git-cliff/releases/download/v2.13.1/git-cliff-2.13.1-x86_64-pc-windows-msvc.zip"
url_api = "https://api.github.com/repos/orhun/git-cliff/releases/assets/405851866"

[[tools."github:Infisical/cli"]]
version = "0.43.125"
backend = "github:Infisical/cli"

[tools."github:Infisical/cli"."platforms.linux-arm64"]
checksum = "sha256:b26dbe1a5bc20bd78ee4fd7649fae2e6046a301f88f3b015dd096e99f4bc6b02"
url = "https://github.com/Infisical/cli/releases/download/v0.43.125/cli_0.43.125_linux_arm64.tar.gz"
url_api = "https://api.github.com/repos/Infisical/cli/releases/assets/524372593"

[tools."github:Infisical/cli"."platforms.linux-arm64-musl"]
checksum = "sha256:b26dbe1a5bc20bd78ee4fd7649fae2e6046a301f88f3b015dd096e99f4bc6b02"
url = "https://github.com/Infisical/cli/releases/download/v0.43.125/cli_0.43.125_linux_arm64.tar.gz"
url_api = "https://api.github.com/repos/Infisical/cli/releases/assets/524372593"

[tools."github:Infisical/cli"."platforms.linux-x64"]
checksum = "sha256:8c3431afab5097ca7d943585be1580ebc13c28843e7d0c5292fb07d077be0372"
url = "https://github.com/Infisical/cli/releases/download/v0.43.125/cli_0.43.125_linux_amd64.tar.gz"
url_api = "https://api.github.com/repos/Infisical/cli/releases/assets/524372582"

[tools."github:Infisical/cli"."platforms.linux-x64-musl"]
checksum = "sha256:8c3431afab5097ca7d943585be1580ebc13c28843e7d0c5292fb07d077be0372"
url = "https://github.com/Infisical/cli/releases/download/v0.43.125/cli_0.43.125_linux_amd64.tar.gz"
url_api = "https://api.github.com/repos/Infisical/cli/releases/assets/524372582"

[tools."github:Infisical/cli"."platforms.macos-arm64"]
checksum = "sha256:253ab2f1aad9bf9e91c751192118a9d6f012f2af17185b41be34c3884c432b37"
url = "https://github.com/Infisical/cli/releases/download/v0.43.125/cli_0.43.125_darwin_arm64.tar.gz"
url_api = "https://api.github.com/repos/Infisical/cli/releases/assets/524366301"

[tools."github:Infisical/cli"."platforms.macos-x64"]
checksum = "sha256:2bda04d930fa1213d59968e93fbe53b62b0a3344d45bc373fb3230dfc840cd73"
url = "https://github.com/Infisical/cli/releases/download/v0.43.125/cli_0.43.125_darwin_amd64.tar.gz"
url_api = "https://api.github.com/repos/Infisical/cli/releases/assets/524366303"

[tools."github:Infisical/cli"."platforms.windows-x64"]
checksum = "sha256:9a8f070375d5f0ee2ed7da5375837a27624be92ae7491458c2328f2a610ace0a"
url = "https://github.com/Infisical/cli/releases/download/v0.43.125/cli_0.43.125_windows_amd64.zip"
url_api = "https://api.github.com/repos/Infisical/cli/releases/assets/524372613"

[[tools."github:foresterre/cargo-msrv"]]
version = "0.19.3"
backend = "github:foresterre/cargo-msrv"

[tools."github:foresterre/cargo-msrv"."platforms.linux-x64"]
checksum = "sha256:6f9a0011ca8ad959d304185b9090390fd1ad87e2d764007fbb0abe043afa9ff5"
url = "https://github.com/foresterre/cargo-msrv/releases/download/v0.19.3/cargo-msrv-x86_64-unknown-linux-gnu-v0.19.3.tgz"
url_api = "https://api.github.com/repos/foresterre/cargo-msrv/releases/assets/380850047"

[tools."github:foresterre/cargo-msrv"."platforms.linux-x64-musl"]
checksum = "sha256:441ddbf85c589062029ac33fcfcfc33ddd4e87f04984d91b16ea4ae02e4d779d"
url = "https://github.com/foresterre/cargo-msrv/releases/download/v0.19.3/cargo-msrv-x86_64-unknown-linux-musl-v0.19.3.tgz"
url_api = "https://api.github.com/repos/foresterre/cargo-msrv/releases/assets/380849992"

[tools."github:foresterre/cargo-msrv"."platforms.macos-arm64"]
checksum = "sha256:bf42f653b5a7c426972f728b38a3756529a105b6598c2fdc89bc25ac056726f1"
url = "https://github.com/foresterre/cargo-msrv/releases/download/v0.19.3/cargo-msrv-aarch64-apple-darwin-v0.19.3.tgz"
url_api = "https://api.github.com/repos/foresterre/cargo-msrv/releases/assets/380850630"

[tools."github:foresterre/cargo-msrv"."platforms.macos-x64"]
checksum = "sha256:2427399177872d74b822b46a2f52817bfab5fb1ff6d8e5e6faaafc82a66f2351"
url = "https://github.com/foresterre/cargo-msrv/releases/download/v0.19.3/cargo-msrv-x86_64-apple-darwin-v0.19.3.tgz"
url_api = "https://api.github.com/repos/foresterre/cargo-msrv/releases/assets/380858063"

[tools."github:foresterre/cargo-msrv"."platforms.windows-x64"]
checksum = "sha256:e437443331865218763d44089680f4d36547353e8c3c8b394c24859203e6cd05"
url = "https://github.com/foresterre/cargo-msrv/releases/download/v0.19.3/cargo-msrv-x86_64-pc-windows-msvc-v0.19.3.zip"
url_api = "https://api.github.com/repos/foresterre/cargo-msrv/releases/assets/380851496"

[[tools."github:jdx/tak"]]
version = "0.0.9"
backend = "github:jdx/tak"

[tools."github:jdx/tak"."platforms.linux-arm64"]
checksum = "sha256:9069450a581d5918c7f40fe4120f054a71835da322604becb42b7acb5bd1e0a1"
url = "https://github.com/jdx/tak/releases/download/v0.0.9/tak-aarch64-unknown-linux-gnu.tar.gz"
url_api = "https://api.github.com/repos/jdx/tak/releases/assets/537992902"
provenance = "github-attestations"

[tools."github:jdx/tak"."platforms.linux-arm64-musl"]
checksum = "sha256:0caa3b6b66fe98298714a90e6de0690402a417f5b3c34d9aa9c912edf69a18f1"
url = "https://github.com/jdx/tak/releases/download/v0.0.9/tak-aarch64-unknown-linux-musl.tar.gz"
url_api = "https://api.github.com/repos/jdx/tak/releases/assets/537992901"
provenance = "github-attestations"

[tools."github:jdx/tak"."platforms.linux-x64"]
checksum = "sha256:dfb0020b976d679af5a7504190ffbcb201c0e11b2f7788901fd6f60740cd87d4"
url = "https://github.com/jdx/tak/releases/download/v0.0.9/tak-x86_64-unknown-linux-gnu.tar.gz"
url_api = "https://api.github.com/repos/jdx/tak/releases/assets/537992912"
provenance = "github-attestations"

[tools."github:jdx/tak"."platforms.linux-x64-musl"]
checksum = "sha256:c761a4dbf695dc493744c79de0f3ab67a1698ee5af9afd35f6d019af36145420"
url = "https://github.com/jdx/tak/releases/download/v0.0.9/tak-x86_64-unknown-linux-musl.tar.gz"
url_api = "https://api.github.com/repos/jdx/tak/releases/assets/537992915"
provenance = "github-attestations"

[tools."github:jdx/tak"."platforms.macos-arm64"]
checksum = "sha256:be4690bad41265946803d11f145c22e01368164e7f1fe49befef8789259c9471"
url = "https://github.com/jdx/tak/releases/download/v0.0.9/tak-aarch64-apple-darwin.tar.gz"
url_api = "https://api.github.com/repos/jdx/tak/releases/assets/537992905"
provenance = "github-attestations"
provenance_verified = true

[tools."github:jdx/tak"."platforms.windows-x64"]
checksum = "sha256:a15f62ea6fa0051f8ae01fca58da26c550ae95fd9d7eccaa167ca53d6f2262b3"
url = "https://github.com/jdx/tak/releases/download/v0.0.9/tak-x86_64-pc-windows-msvc.zip"
url_api = "https://api.github.com/repos/jdx/tak/releases/assets/537992910"
provenance = "github-attestations"

[[tools.hk]]
version = "1.56.1"
backend = "aqua:jdx/hk"

[tools.hk."platforms.linux-arm64"]
checksum = "sha256:cd671706a273dac35b012fd585a0fba1b0c0f340558dccfd4c9a4b976a794597"
url = "https://github.com/jdx/hk/releases/download/v1.56.1/hk-aarch64-unknown-linux-gnu.tar.gz"
url_api = "https://api.github.com/repos/jdx/hk/releases/assets/525632120"

[tools.hk."platforms.linux-arm64-musl"]
checksum = "sha256:5feac3cfcdae33227197d0104832b91a5d293733320632c3c19f864866a6c8ce"
url = "https://github.com/jdx/hk/releases/download/v1.56.1/hk-aarch64-unknown-linux-musl.tar.gz"
url_api = "https://api.github.com/repos/jdx/hk/releases/assets/525632119"

[tools.hk."platforms.linux-x64"]
checksum = "sha256:67157431e36bb523213d8361a9f59b6eb718f80ae8534827849552b3c6c92a04"
url = "https://github.com/jdx/hk/releases/download/v1.56.1/hk-x86_64-unknown-linux-gnu.tar.gz"
url_api = "https://api.github.com/repos/jdx/hk/releases/assets/525632131"

[tools.hk."platforms.linux-x64-musl"]
checksum = "sha256:e7435c1aec98f60d98712da3231541987ac67c017c001f767c0f37bd517cfe43"
url = "https://github.com/jdx/hk/releases/download/v1.56.1/hk-x86_64-unknown-linux-musl.tar.gz"
url_api = "https://api.github.com/repos/jdx/hk/releases/assets/525632133"

[tools.hk."platforms.macos-arm64"]
checksum = "sha256:f8400a1427e66f1b968e58568115a2138b5d0fe88e0561b97d3822648b7e35ea"
url = "https://github.com/jdx/hk/releases/download/v1.56.1/hk-aarch64-apple-darwin.tar.gz"
url_api = "https://api.github.com/repos/jdx/hk/releases/assets/525632123"

[tools.hk."platforms.windows-x64"]
checksum = "sha256:4ccf353e484997dd4975361b6433f3b2661f5db614f2b382cddcac7eaa74a604"
url = "https://github.com/jdx/hk/releases/download/v1.56.1/hk-x86_64-pc-windows-msvc.zip"
url_api = "https://api.github.com/repos/jdx/hk/releases/assets/525632118"

[[tools.mr-boxington]]
version = "1.8.3"
backend = "github:jdx/mr-boxington"

[tools.mr-boxington."platforms.linux-arm64"]
checksum = "sha256:c8c0e6ac85afcf17f7143df127337d8ee8fdc22f879bf812081d8958ee253937"
url = "https://github.com/jdx/mr-boxington/releases/download/v1.8.3/mbx-aarch64-unknown-linux-gnu.tar.gz"
url_api = "https://api.github.com/repos/jdx/mr-boxington/releases/assets/546079709"
provenance = "github-attestations"

[tools.mr-boxington."platforms.linux-arm64-musl"]
checksum = "sha256:6ce3e6efedc29b52c6daa873f63c98bc757aea89d0e576e3f76a13d3280b48dd"
url = "https://github.com/jdx/mr-boxington/releases/download/v1.8.3/mbx-aarch64-unknown-linux-musl.tar.gz"
url_api = "https://api.github.com/repos/jdx/mr-boxington/releases/assets/546079710"
provenance = "github-attestations"

[tools.mr-boxington."platforms.linux-x64"]
checksum = "sha256:62d122a4103ca286ef86a5c8429d21404f60e795345b8c853a9da0a18ef6dbde"
url = "https://github.com/jdx/mr-boxington/releases/download/v1.8.3/mbx-x86_64-unknown-linux-gnu.tar.gz"
url_api = "https://api.github.com/repos/jdx/mr-boxington/releases/assets/546079720"
provenance = "github-attestations"

[tools.mr-boxington."platforms.linux-x64-musl"]
checksum = "sha256:b97fb1c3525fd772610c405b16da051fa6b6e55e499f16818c648414b1b53d2b"
url = "https://github.com/jdx/mr-boxington/releases/download/v1.8.3/mbx-x86_64-unknown-linux-musl.tar.gz"
url_api = "https://api.github.com/repos/jdx/mr-boxington/releases/assets/546079722"
provenance = "github-attestations"

[tools.mr-boxington."platforms.macos-arm64"]
checksum = "sha256:9b01044089551944d12c4412a85dc6788d216c9020aeaf501c405e6a90435596"
url = "https://github.com/jdx/mr-boxington/releases/download/v1.8.3/mbx-aarch64-apple-darwin.tar.gz"
url_api = "https://api.github.com/repos/jdx/mr-boxington/releases/assets/546079713"
provenance = "github-attestations"
provenance_verified = true

[tools.mr-boxington."platforms.windows-x64"]
checksum = "sha256:24dc00525b058f2bfb0bb17f47e9e50139e7a6a1ffd262616b550159ca53fe03"
url = "https://github.com/jdx/mr-boxington/releases/download/v1.8.3/mbx-x86_64-pc-windows-msvc.zip"
url_api = "https://api.github.com/repos/jdx/mr-boxington/releases/assets/546079718"
provenance = "github-attestations"

[[tools.node]]
version = "24.19.0"
backend = "core:node"

[tools.node."platforms.linux-arm64"]
checksum = "sha256:d28c8a5bf0a808f0ed434a1dce8c54ae98f0371c0bd86ac58abc613f73e6643f"
url = "https://nodejs.org/dist/v24.19.0/node-v24.19.0-linux-arm64.tar.gz"

[tools.node."platforms.linux-arm64-musl"]
checksum = "sha256:20824e4d35948fae5b337dccef47813b04d8995312f59df7386f2256d9f9ab7e"
url = "https://unofficial-builds.nodejs.org/download/release/v24.19.0/node-v24.19.0-linux-arm64-musl.tar.gz"

[tools.node."platforms.linux-x64"]
checksum = "sha256:f625d97cd707df4ff96254916fbc5ff014f09c09effe5a1e0ca8f6d41a8789d4"
url = "https://nodejs.org/dist/v24.19.0/node-v24.19.0-linux-x64.tar.gz"

[tools.node."platforms.linux-x64-musl"]
checksum = "sha256:c60223786df14a5d23e220ebb8e60318f5322640a62f90e6d9e54d3a18da532e"
url = "https://unofficial-builds.nodejs.org/download/release/v24.19.0/node-v24.19.0-linux-x64-musl.tar.gz"

[tools.node."platforms.macos-arm64"]
checksum = "sha256:8294b7aa9b03997481c06babf1e8b270c859358f27da57a11509afe537ac381d"
url = "https://nodejs.org/dist/v24.19.0/node-v24.19.0-darwin-arm64.tar.gz"

[tools.node."platforms.macos-x64"]
checksum = "sha256:d1b5e999db158c62fe8f7267a4476b035d8bd93b1a605bac24a3f0dd166e3316"
url = "https://nodejs.org/dist/v24.19.0/node-v24.19.0-darwin-x64.tar.gz"

[tools.node."platforms.windows-x64"]
checksum = "sha256:57f71ab3652e797d84acddc79c81cc9ff1c6ddb2a1974cdb83f00fee9bff4c73"
url = "https://nodejs.org/dist/v24.19.0/node-v24.19.0-win-x64.zip"

[[tools.pkl]]
version = "0.32.1"
backend = "aqua:apple/pkl"

[tools.pkl."platforms.linux-arm64"]
checksum = "sha256:a76d2dd47da435a8f911b0347373f47c7e59ea54fb75ff846d20b8df10dba058"
url = "https://github.com/apple/pkl/releases/download/0.32.1/pkl-linux-aarch64"
url_api = "https://api.github.com/repos/apple/pkl/releases/assets/487426568"

[tools.pkl."platforms.linux-arm64-musl"]
checksum = "sha256:a76d2dd47da435a8f911b0347373f47c7e59ea54fb75ff846d20b8df10dba058"
url = "https://github.com/apple/pkl/releases/download/0.32.1/pkl-linux-aarch64"
url_api = "https://api.github.com/repos/apple/pkl/releases/assets/487426568"

[tools.pkl."platforms.linux-x64"]
checksum = "sha256:3180b62da95c0cad1d904e9bb6c5f4a8f9032413c21e53194bb91ff1ee5f3211"
url = "https://github.com/apple/pkl/releases/download/0.32.1/pkl-linux-amd64"
url_api = "https://api.github.com/repos/apple/pkl/releases/assets/487426567"

[tools.pkl."platforms.linux-x64-musl"]
checksum = "sha256:3180b62da95c0cad1d904e9bb6c5f4a8f9032413c21e53194bb91ff1ee5f3211"
url = "https://github.com/apple/pkl/releases/download/0.32.1/pkl-linux-amd64"
url_api = "https://api.github.com/repos/apple/pkl/releases/assets/487426567"

[tools.pkl."platforms.macos-arm64"]
checksum = "sha256:563eb51c9a20b16a3625464ed745c675ed9750381f2126722696a0d7cac1d9d3"
url = "https://github.com/apple/pkl/releases/download/0.32.1/pkl-macos-aarch64"
url_api = "https://api.github.com/repos/apple/pkl/releases/assets/487426570"

[tools.pkl."platforms.macos-x64"]
checksum = "sha256:5b74b903234047960144f66f2cebdd12d267d9b98e8155ed91d2ae5ed27e2d1f"
url = "https://github.com/apple/pkl/releases/download/0.32.1/pkl-macos-amd64"
url_api = "https://api.github.com/repos/apple/pkl/releases/assets/487426599"

[tools.pkl."platforms.windows-x64"]
checksum = "sha256:8550a00fcf027335e42c5e2cd553b88e98845408cb1880b3e3d1860caf46d22a"
url = "https://github.com/apple/pkl/releases/download/0.32.1/pkl-windows-amd64.exe"
url_api = "https://api.github.com/repos/apple/pkl/releases/assets/487426668"

[[tools.prettier]]
version = "3.9.6"
backend = "npm:prettier"

[[tools.shellcheck]]
version = "0.11.0"
backend = "aqua:koalaman/shellcheck"

[tools.shellcheck."platforms.linux-arm64"]
checksum = "sha256:12b331c1d2db6b9eb13cfca64306b1b157a86eb69db83023e261eaa7e7c14588"
url = "https://github.com/koalaman/shellcheck/releases/download/v0.11.0/shellcheck-v0.11.0.linux.aarch64.tar.xz"
url_api = "https://api.github.com/repos/koalaman/shellcheck/releases/assets/279056934"

[tools.shellcheck."platforms.linux-arm64-musl"]
checksum = "sha256:12b331c1d2db6b9eb13cfca64306b1b157a86eb69db83023e261eaa7e7c14588"
url = "https://github.com/koalaman/shellcheck/releases/download/v0.11.0/shellcheck-v0.11.0.linux.aarch64.tar.xz"
url_api = "https://api.github.com/repos/koalaman/shellcheck/releases/assets/279056934"

[tools.shellcheck."platforms.linux-x64"]
checksum = "sha256:8c3be12b05d5c177a04c29e3c78ce89ac86f1595681cab149b65b97c4e227198"
url = "https://github.com/koalaman/shellcheck/releases/download/v0.11.0/shellcheck-v0.11.0.linux.x86_64.tar.xz"
url_api = "https://api.github.com/repos/koalaman/shellcheck/releases/assets/279056942"

[tools.shellcheck."platforms.linux-x64-musl"]
checksum = "sha256:8c3be12b05d5c177a04c29e3c78ce89ac86f1595681cab149b65b97c4e227198"
url = "https://github.com/koalaman/shellcheck/releases/download/v0.11.0/shellcheck-v0.11.0.linux.x86_64.tar.xz"
url_api = "https://api.github.com/repos/koalaman/shellcheck/releases/assets/279056942"

[tools.shellcheck."platforms.macos-arm64"]
checksum = "sha256:56affdd8de5527894dca6dc3d7e0a99a873b0f004d7aabc30ae407d3f48b0a79"
url = "https://github.com/koalaman/shellcheck/releases/download/v0.11.0/shellcheck-v0.11.0.darwin.aarch64.tar.xz"
url_api = "https://api.github.com/repos/koalaman/shellcheck/releases/assets/279056932"

[tools.shellcheck."platforms.macos-x64"]
checksum = "sha256:3c89db4edcab7cf1c27bff178882e0f6f27f7afdf54e859fa041fca10febe4c6"
url = "https://github.com/koalaman/shellcheck/releases/download/v0.11.0/shellcheck-v0.11.0.darwin.x86_64.tar.xz"
url_api = "https://api.github.com/repos/koalaman/shellcheck/releases/assets/279056930"

[tools.shellcheck."platforms.windows-x64"]
checksum = "sha256:8a4e35ab0b331c85d73567b12f2a444df187f483e5079ceffa6bda1faa2e740e"
url = "https://github.com/koalaman/shellcheck/releases/download/v0.11.0/shellcheck-v0.11.0.zip"
url_api = "https://api.github.com/repos/koalaman/shellcheck/releases/assets/279056944"

[[tools.shfmt]]
version = "3.13.1"
backend = "aqua:mvdan/sh"

[tools.shfmt."platforms.linux-arm64"]
checksum = "sha256:32d92acaa5cd8abb29fc49dac123dc412442d5713967819d8af2c29f1b3857c7"
url = "https://github.com/mvdan/sh/releases/download/v3.13.1/shfmt_v3.13.1_linux_arm64"
url_api = "https://api.github.com/repos/mvdan/sh/releases/assets/390322859"

[tools.shfmt."platforms.linux-arm64-musl"]
checksum = "sha256:32d92acaa5cd8abb29fc49dac123dc412442d5713967819d8af2c29f1b3857c7"
url = "https://github.com/mvdan/sh/releases/download/v3.13.1/shfmt_v3.13.1_linux_arm64"
url_api = "https://api.github.com/repos/mvdan/sh/releases/assets/390322859"

[tools.shfmt."platforms.linux-x64"]
checksum = "sha256:fb096c5d1ac6beabbdbaa2874d025badb03ee07929f0c9ff67563ce8c75398b1"
url = "https://github.com/mvdan/sh/releases/download/v3.13.1/shfmt_v3.13.1_linux_amd64"
url_api = "https://api.github.com/repos/mvdan/sh/releases/assets/390322866"

[tools.shfmt."platforms.linux-x64-musl"]
checksum = "sha256:fb096c5d1ac6beabbdbaa2874d025badb03ee07929f0c9ff67563ce8c75398b1"
url = "https://github.com/mvdan/sh/releases/download/v3.13.1/shfmt_v3.13.1_linux_amd64"
url_api = "https://api.github.com/repos/mvdan/sh/releases/assets/390322866"

[tools.shfmt."platforms.macos-arm64"]
checksum = "sha256:9680526be4a66ea1ffe988ed08af58e1400fe1e4f4aef5bd88b20bb9b3da33f8"
url = "https://github.com/mvdan/sh/releases/download/v3.13.1/shfmt_v3.13.1_darwin_arm64"
url_api = "https://api.github.com/repos/mvdan/sh/releases/assets/390322881"

[tools.shfmt."platforms.macos-x64"]
checksum = "sha256:6feedafc72915794163114f512348e2437d080d0047ef8b8fa2ec63b575f12af"
url = "https://github.com/mvdan/sh/releases/download/v3.13.1/shfmt_v3.13.1_darwin_amd64"
url_api = "https://api.github.com/repos/mvdan/sh/releases/assets/390322886"

[tools.shfmt."platforms.windows-x64"]
checksum = "sha256:60cd368533d0ad73fa86d93d5bbf95ef40587245ce684ed138c1b31557b5fe97"
url = "https://github.com/mvdan/sh/releases/download/v3.13.1/shfmt_v3.13.1_windows_amd64.exe"
url_api = "https://api.github.com/repos/mvdan/sh/releases/assets/390322844"

[[tools.usage]]
version = "6.6.1"
backend = "aqua:jdx/usage"

[tools.usage."platforms.linux-arm64"]
checksum = "sha256:1828f1b23b8c0b0e587bf01e1c4204c3b2481571c0c14fcc82ce6dd761aba85f"
url = "https://github.com/jdx/usage/releases/download/v6.6.1/usage-aarch64-unknown-linux-gnu.tar.gz"
url_api = "https://api.github.com/repos/jdx/usage/releases/assets/539822349"

[tools.usage."platforms.linux-arm64-musl"]
checksum = "sha256:f04a1986e92d4d5043673a0c4b888a098cff84cc7ddcbd86fc4d06382cf0d224"
url = "https://github.com/jdx/usage/releases/download/v6.6.1/usage-aarch64-unknown-linux-musl.tar.gz"
url_api = "https://api.github.com/repos/jdx/usage/releases/assets/539822773"

[tools.usage."platforms.linux-x64"]
checksum = "sha256:f159816540a3b813d51458ff25344a888e772d9e03d13006140ec5b42023a06e"
url = "https://github.com/jdx/usage/releases/download/v6.6.1/usage-x86_64-unknown-linux-gnu.tar.gz"
url_api = "https://api.github.com/repos/jdx/usage/releases/assets/539822350"

[tools.usage."platforms.linux-x64-musl"]
checksum = "sha256:6a40c132fdc33a3ac738f5f488ace9945f387e945e2a9dc423006e7288d46dab"
url = "https://github.com/jdx/usage/releases/download/v6.6.1/usage-x86_64-unknown-linux-musl.tar.gz"
url_api = "https://api.github.com/repos/jdx/usage/releases/assets/539823684"

[tools.usage."platforms.macos-arm64"]
checksum = "sha256:2cd11077e8b62c65687c84eab29dae429985acfdea3847b3775a99677f5d6408"
url = "https://github.com/jdx/usage/releases/download/v6.6.1/usage-universal-apple-darwin.tar.gz"
url_api = "https://api.github.com/repos/jdx/usage/releases/assets/539847849"

[tools.usage."platforms.macos-x64"]
checksum = "sha256:2cd11077e8b62c65687c84eab29dae429985acfdea3847b3775a99677f5d6408"
url = "https://github.com/jdx/usage/releases/download/v6.6.1/usage-universal-apple-darwin.tar.gz"
url_api = "https://api.github.com/repos/jdx/usage/releases/assets/539847849"

[tools.usage."platforms.windows-x64"]
checksum = "sha256:ecfbf6c425e473fe6bf42e14cbf8ff9e0a87b5dce87f40754cea41ddbfabdd29"
url = "https://github.com/jdx/usage/releases/download/v6.6.1/usage-x86_64-pc-windows-msvc.zip"
url_api = "https://api.github.com/repos/jdx/usage/releases/assets/539826464"

[[tools.vault]]
version = "2.0.4"
backend = "aqua:hashicorp/vault"

[tools.vault."platforms.linux-arm64"]
checksum = "sha256:87bb68fdd04ca90cd4cf54f8cd783a037fbf860b73d85e6697f6129dac49c683"
url = "https://releases.hashicorp.com/vault/2.0.4/vault_2.0.4_linux_arm64.zip"

[tools.vault."platforms.linux-arm64-musl"]
checksum = "sha256:87bb68fdd04ca90cd4cf54f8cd783a037fbf860b73d85e6697f6129dac49c683"
url = "https://releases.hashicorp.com/vault/2.0.4/vault_2.0.4_linux_arm64.zip"

[tools.vault."platforms.linux-x64"]
checksum = "sha256:7429e7d85f8ef29df063701c49420f7984a0ae2c8511c026cc75edfbbb2df387"
url = "https://releases.hashicorp.com/vault/2.0.4/vault_2.0.4_linux_amd64.zip"

[tools.vault."platforms.linux-x64-musl"]
checksum = "sha256:7429e7d85f8ef29df063701c49420f7984a0ae2c8511c026cc75edfbbb2df387"
url = "https://releases.hashicorp.com/vault/2.0.4/vault_2.0.4_linux_amd64.zip"

[tools.vault."platforms.macos-arm64"]
checksum = "sha256:73b36e75eedcf949262707d9169a793a3901a0990306329163f3ac94df31d5fa"
url = "https://releases.hashicorp.com/vault/2.0.4/vault_2.0.4_darwin_arm64.zip"

[tools.vault."platforms.macos-x64"]
checksum = "sha256:79d29add23b2ca4144927b5d3d062ccd6f9345c5cdbf5b3624652ea9a5100261"
url = "https://releases.hashicorp.com/vault/2.0.4/vault_2.0.4_darwin_amd64.zip"

[tools.vault."platforms.windows-x64"]
checksum = "sha256:5e6357e52f75657f9a51f2655d42811b8b129166402ecf2d2dc630ffcd3c8d8f"
url = "https://releases.hashicorp.com/vault/2.0.4/vault_2.0.4_windows_amd64.zip"
